
Microsoft Visual Studio Solution File, Format Version 12.00
# Visual Studio Version 16
VisualStudioVersion = 16.0.31424.327
MinimumVisualStudioVersion = 10.0.40219.1
Project("{9A19103F-16F7-4668-BE54-9A1E7A4F7556}") = "FlowPilotsAPITest.Api", "FlowPilotsAPITest\FlowPilotsAPITest.Api.csproj", "{4DC00F02-B7D8-449B-B6A1-CF26452D3828}"
EndProject
Project("{9A19103F-16F7-4668-BE54-9A1E7A4F7556}") = "APITest.Services", "APITest.DataProvider\APITest.Services.csproj", "{A650C94F-72A8-44D9-BF12-A11A78136D18}"
EndProject
Project("{9A19103F-16F7-4668-BE54-9A1E7A4F7556}") = "APITest.Domain", "APITest.Domain\APITest.Domain.csproj", "{2BBABB08-9891-4AFC-848C-C3E2A9124AD9}"
EndProject
Project("{9A19103F-16F7-4668-BE54-9A1E7A4F7556}") = "APITest.Data", "APITest.Data\APITest.Data.csproj", "{8BC60CC4-723D-4FEA-814C-DD98D4F923D8}"
EndProject
Project("{FAE04EC0-301F-11D3-BF4B-00C04F79EFBC}") = "APITest.Helpers", "APITest.Helpers\APITest.Helpers.csproj", "{0C61FA0B-4034-48D1-8E9A-D0B78DB81A4D}"
EndProject
Global
	GlobalSection(SolutionConfigurationPlatforms) = preSolution
		Debug|Any CPU = Debug|Any CPU
		Release|Any CPU = Release|Any CPU
	EndGlobalSection
	GlobalSection(ProjectConfigurationPlatforms) = postSolution
		{4DC00F02-B7D8-449B-B6A1-CF26452D3828}.Debug|Any CPU.ActiveCfg = Debug|Any CPU
		{4DC00F02-B7D8-449B-B6A1-CF26452D3828}.Debug|Any CPU.Build.0 = Debug|Any CPU
		{4DC00F02-B7D8-449B-B6A1-CF26452D3828}.Release|Any CPU.ActiveCfg = Release|Any CPU
		{4DC00F02-B7D8-449B-B6A1-CF26452D3828}.Release|Any CPU.Build.0 = Release|Any CPU
		{A650C94F-72A8-44D9-BF12-A11A78136D18}.Debug|Any CPU.ActiveCfg = Debug|Any CPU
		{A650C94F-72A8-44D9-BF12-A11A78136D18}.Debug|Any CPU.Build.0 = Debug|Any CPU
		{A650C94F-72A8-44D9-BF12-A11A78136D18}.Release|Any CPU.ActiveCfg = Release|Any CPU
		{A650C94F-72A8-44D9-BF12-A11A78136D18}.Release|Any CPU.Build.0 = Release|Any CPU
		{2BBABB08-9891-4AFC-848C-C3E2A9124AD9}.Debug|Any CPU.ActiveCfg = Debug|Any CPU
		{2BBABB08-9891-4AFC-848C-C3E2A9124AD9}.Debug|Any CPU.Build.0 = Debug|Any CPU
		{2BBABB08-9891-4AFC-848C-C3E2A9124AD9}.Release|Any CPU.ActiveCfg = Release|Any CPU
		{2BBABB08-9891-4AFC-848C-C3E2A9124AD9}.Release|Any CPU.Build.0 = Release|Any CPU
		{8BC60CC4-723D-4FEA-814C-DD98D4F923D8}.Debug|Any CPU.ActiveCfg = Debug|Any CPU
		{8BC60CC4-723D-4FEA-814C-DD98D4F923D8}.Debug|Any CPU.Build.0 = Debug|Any CPU
		{8BC60CC4-723D-4FEA-814C-DD98D4F923D8}.Release|Any CPU.ActiveCfg = Release|Any CPU
		{8BC60CC4-723D-4FEA-814C-DD98D4F923D8}.Release|Any CPU.Build.0 = Release|Any CPU
		{0C61FA0B-4034-48D1-8E9A-D0B78DB81A4D}.Debug|Any CPU.ActiveCfg = Debug|Any CPU
		{0C61FA0B-4034-48D1-8E9A-D0B78DB81A4D}.Debug|Any CPU.Build.0 = Debug|Any CPU
		{0C61FA0B-4034-48D1-8E9A-D0B78DB81A4D}.Release|Any CPU.ActiveCfg = Release|Any CPU
		{0C61FA0B-4034-48D1-8E9A-D0B78DB81A4D}.Release|Any CPU.Build.0 = Release|Any CPU
	EndGlobalSection
	GlobalSection(SolutionProperties) = preSolution
		HideSolutionNode = FALSE
	EndGlobalSection
	GlobalSection(ExtensibilityGlobals) = postSolution
		SolutionGuid = {5158A812-5BC7-4FD9-8DC9-AED1A7F5C876}
	EndGlobalSection
EndGlobal
